// !$*UTF8*$!
{
	archiveVersion = 1;
	classes = {
	};
	objectVersion = 46;
	objects = {

/* Begin PBXBuildFile section */
		261A83ECD9C31B3637A405ED /* Pods_twitterUITests.framework in Frameworks */ = {isa = PBXBuildFile; fileRef = 0F2AD9D832104973D12E947A /* Pods_twitterUITests.framework */; };
		7E23B3C01F0F40500078B7DF /* ProfileScrollableViewController.swift in Sources */ = {isa = PBXBuildFile; fileRef = 7E23B3BF1F0F40500078B7DF /* ProfileScrollableViewController.swift */; };
		7E48F7121F0B497300CBAC27 /* ProfileViewController.swift in Sources */ = {isa = PBXBuildFile; fileRef = 7E48F7111F0B497300CBAC27 /* ProfileViewController.swift */; };
		7ED1E6911F0EDF80005C21F5 /* TweetViewController.swift in Sources */ = {isa = PBXBuildFile; fileRef = 7ED1E6901F0EDF80005C21F5 /* TweetViewController.swift */; };
		7EE486E21F0D5F64009A2532 /* ComposeViewController.swift in Sources */ = {isa = PBXBuildFile; fileRef = 7EE486E11F0D5F64009A2532 /* ComposeViewController.swift */; };
		7EED2E0C1F0D96280031B7E3 /* Pods_twitterUITests.framework in Frameworks */ = {isa = PBXBuildFile; fileRef = 7EED2E0B1F0D96280031B7E3 /* Pods_twitterUITests.framework */; };
		7EED2E0E1F0D963C0031B7E3 /* Pods_twitterTests.framework in Frameworks */ = {isa = PBXBuildFile; fileRef = 7EED2E0D1F0D963C0031B7E3 /* Pods_twitterTests.framework */; };
		CDC4C7B968C511138FE86B42 /* Pods_twitter.framework in Frameworks */ = {isa = PBXBuildFile; fileRef = 15C9406CF4534FE4DC39519E /* Pods_twitter.framework */; };
		CFC0D7A8BC68EF232D1E39D2 /* Pods_twitterTests.framework in Frameworks */ = {isa = PBXBuildFile; fileRef = 77AD661F24287ED7AFEC86D3 /* Pods_twitterTests.framework */; };
		ED1AFD311E942B2500FD4B90 /* AppDelegate.swift in Sources */ = {isa = PBXBuildFile; fileRef = ED1AFD301E942B2500FD4B90 /* AppDelegate.swift */; };
		ED1AFD361E942B2500FD4B90 /* Main.storyboard in Resources */ = {isa = PBXBuildFile; fileRef = ED1AFD341E942B2500FD4B90 /* Main.storyboard */; };
		ED1AFD381E942B2500FD4B90 /* Assets.xcassets in Resources */ = {isa = PBXBuildFile; fileRef = ED1AFD371E942B2500FD4B90 /* Assets.xcassets */; };
		ED1AFD3B1E942B2500FD4B90 /* LaunchScreen.storyboard in Resources */ = {isa = PBXBuildFile; fileRef = ED1AFD391E942B2500FD4B90 /* LaunchScreen.storyboard */; };
		ED1AFD461E942B2500FD4B90 /* twitter_alamofire_demoTests.swift in Sources */ = {isa = PBXBuildFile; fileRef = ED1AFD451E942B2500FD4B90 /* twitter_alamofire_demoTests.swift */; };
		ED1AFD511E942B2500FD4B90 /* twitter_alamofire_demoUITests.swift in Sources */ = {isa = PBXBuildFile; fileRef = ED1AFD501E942B2500FD4B90 /* twitter_alamofire_demoUITests.swift */; };
		ED1AFD5F1E94421000FD4B90 /* APIManager.swift in Sources */ = {isa = PBXBuildFile; fileRef = ED1AFD5E1E94421000FD4B90 /* APIManager.swift */; };
		ED1AFD611E94496E00FD4B90 /* LoginViewController.swift in Sources */ = {isa = PBXBuildFile; fileRef = ED1AFD601E94496E00FD4B90 /* LoginViewController.swift */; };
		ED1D23461EF63C1D00C51ACC /* User.swift in Sources */ = {isa = PBXBuildFile; fileRef = ED1D23451EF63C1D00C51ACC /* User.swift */; };
		ED1D23481EF6E37700C51ACC /* Tweet.swift in Sources */ = {isa = PBXBuildFile; fileRef = ED1D23471EF6E37700C51ACC /* Tweet.swift */; };
		ED1D234C1EF6E42900C51ACC /* TimelineViewController.swift in Sources */ = {isa = PBXBuildFile; fileRef = ED1D234B1EF6E42900C51ACC /* TimelineViewController.swift */; };
		ED1D234E1EF71C4B00C51ACC /* TweetCell.swift in Sources */ = {isa = PBXBuildFile; fileRef = ED1D234D1EF71C4B00C51ACC /* TweetCell.swift */; };
/* End PBXBuildFile section */

/* Begin PBXContainerItemProxy section */
		ED1AFD421E942B2500FD4B90 /* PBXContainerItemProxy */ = {
			isa = PBXContainerItemProxy;
			containerPortal = ED1AFD251E942B2500FD4B90 /* Project object */;
			proxyType = 1;
			remoteGlobalIDString = ED1AFD2C1E942B2500FD4B90;
			remoteInfo = twitter_alamofire_demo;
		};
		ED1AFD4D1E942B2500FD4B90 /* PBXContainerItemProxy */ = {
			isa = PBXContainerItemProxy;
			containerPortal = ED1AFD251E942B2500FD4B90 /* Project object */;
			proxyType = 1;
			remoteGlobalIDString = ED1AFD2C1E942B2500FD4B90;
			remoteInfo = twitter_alamofire_demo;
		};
/* End PBXContainerItemProxy section */

/* Begin PBXFileReference section */
		0D5865F727957A8E690625B6 /* Pods-twitter.debug.xcconfig */ = {isa = PBXFileReference; includeInIndex = 1; lastKnownFileType = text.xcconfig; name = "Pods-twitter.debug.xcconfig"; path = "Pods/Target Support Files/Pods-twitter/Pods-twitter.debug.xcconfig"; sourceTree = "<group>"; };
		0F2AD9D832104973D12E947A /* Pods_twitterUITests.framework */ = {isa = PBXFileReference; explicitFileType = wrapper.framework; includeInIndex = 0; path = Pods_twitterUITests.framework; sourceTree = BUILT_PRODUCTS_DIR; };
		15C9406CF4534FE4DC39519E /* Pods_twitter.framework */ = {isa = PBXFileReference; explicitFileType = wrapper.framework; includeInIndex = 0; path = Pods_twitter.framework; sourceTree = BUILT_PRODUCTS_DIR; };
		77AD661F24287ED7AFEC86D3 /* Pods_twitterTests.framework */ = {isa = PBXFileReference; explicitFileType = wrapper.framework; includeInIndex = 0; path = Pods_twitterTests.framework; sourceTree = BUILT_PRODUCTS_DIR; };
		7E23B3BF1F0F40500078B7DF /* ProfileScrollableViewController.swift */ = {isa = PBXFileReference; fileEncoding = 4; lastKnownFileType = sourcecode.swift; path = ProfileScrollableViewController.swift; sourceTree = "<group>"; };
		7E48F7111F0B497300CBAC27 /* ProfileViewController.swift */ = {isa = PBXFileReference; fileEncoding = 4; lastKnownFileType = sourcecode.swift; path = ProfileViewController.swift; sourceTree = "<group>"; };
		7ED1E6901F0EDF80005C21F5 /* TweetViewController.swift */ = {isa = PBXFileReference; fileEncoding = 4; lastKnownFileType = sourcecode.swift; path = TweetViewController.swift; sourceTree = "<group>"; };
		7EE486E11F0D5F64009A2532 /* ComposeViewController.swift */ = {isa = PBXFileReference; fileEncoding = 4; lastKnownFileType = sourcecode.swift; path = ComposeViewController.swift; sourceTree = "<group>"; };
		7EED2E0B1F0D96280031B7E3 /* Pods_twitterUITests.framework */ = {isa = PBXFileReference; lastKnownFileType = wrapper.framework; name = Pods_twitterUITests.framework; path = "Pods/../build/Debug-iphoneos/Pods_twitterUITests.framework"; sourceTree = "<group>"; };
		7EED2E0D1F0D963C0031B7E3 /* Pods_twitterTests.framework */ = {isa = PBXFileReference; lastKnownFileType = wrapper.framework; name = Pods_twitterTests.framework; path = "Pods/../build/Debug-iphoneos/Pods_twitterTests.framework"; sourceTree = "<group>"; };
		83D6D4AABC875AB1300A5E10 /* Pods-twitterUITests.release.xcconfig */ = {isa = PBXFileReference; includeInIndex = 1; lastKnownFileType = text.xcconfig; name = "Pods-twitterUITests.release.xcconfig"; path = "Pods/Target Support Files/Pods-twitterUITests/Pods-twitterUITests.release.xcconfig"; sourceTree = "<group>"; };
		A7CA9C3B2C5896DC0CC42F67 /* Pods-twitterTests.release.xcconfig */ = {isa = PBXFileReference; includeInIndex = 1; lastKnownFileType = text.xcconfig; name = "Pods-twitterTests.release.xcconfig"; path = "Pods/Target Support Files/Pods-twitterTests/Pods-twitterTests.release.xcconfig"; sourceTree = "<group>"; };
		BA1F86758548C9C4D95178E7 /* Pods-twitterUITests.debug.xcconfig */ = {isa = PBXFileReference; includeInIndex = 1; lastKnownFileType = text.xcconfig; name = "Pods-twitterUITests.debug.xcconfig"; path = "Pods/Target Support Files/Pods-twitterUITests/Pods-twitterUITests.debug.xcconfig"; sourceTree = "<group>"; };
		C83AAC75B6A22C8CC8B77432 /* Pods-twitterTests.debug.xcconfig */ = {isa = PBXFileReference; includeInIndex = 1; lastKnownFileType = text.xcconfig; name = "Pods-twitterTests.debug.xcconfig"; path = "Pods/Target Support Files/Pods-twitterTests/Pods-twitterTests.debug.xcconfig"; sourceTree = "<group>"; };
		ED1AFD2D1E942B2500FD4B90 /* twitter.app */ = {isa = PBXFileReference; explicitFileType = wrapper.application; includeInIndex = 0; path = twitter.app; sourceTree = BUILT_PRODUCTS_DIR; };
		ED1AFD301E942B2500FD4B90 /* AppDelegate.swift */ = {isa = PBXFileReference; lastKnownFileType = sourcecode.swift; path = AppDelegate.swift; sourceTree = "<group>"; };
		ED1AFD351E942B2500FD4B90 /* Base */ = {isa = PBXFileReference; lastKnownFileType = file.storyboard; name = Base; path = Base.lproj/Main.storyboard; sourceTree = "<group>"; };
		ED1AFD371E942B2500FD4B90 /* Assets.xcassets */ = {isa = PBXFileReference; lastKnownFileType = folder.assetcatalog; path = Assets.xcassets; sourceTree = "<group>"; };
		ED1AFD3A1E942B2500FD4B90 /* Base */ = {isa = PBXFileReference; lastKnownFileType = file.storyboard; name = Base; path = Base.lproj/LaunchScreen.storyboard; sourceTree = "<group>"; };
		ED1AFD3C1E942B2500FD4B90 /* Info.plist */ = {isa = PBXFileReference; lastKnownFileType = text.plist.xml; path = Info.plist; sourceTree = "<group>"; };
		ED1AFD411E942B2500FD4B90 /* twitterTests.xctest */ = {isa = PBXFileReference; explicitFileType = wrapper.cfbundle; includeInIndex = 0; path = twitterTests.xctest; sourceTree = BUILT_PRODUCTS_DIR; };
		ED1AFD451E942B2500FD4B90 /* twitter_alamofire_demoTests.swift */ = {isa = PBXFileReference; lastKnownFileType = sourcecode.swift; path = twitter_alamofire_demoTests.swift; sourceTree = "<group>"; };
		ED1AFD471E942B2500FD4B90 /* Info.plist */ = {isa = PBXFileReference; lastKnownFileType = text.plist.xml; path = Info.plist; sourceTree = "<group>"; };
		ED1AFD4C1E942B2500FD4B90 /* twitterUITests.xctest */ = {isa = PBXFileReference; explicitFileType = wrapper.cfbundle; includeInIndex = 0; path = twitterUITests.xctest; sourceTree = BUILT_PRODUCTS_DIR; };
		ED1AFD501E942B2500FD4B90 /* twitter_alamofire_demoUITests.swift */ = {isa = PBXFileReference; lastKnownFileType = sourcecode.swift; path = twitter_alamofire_demoUITests.swift; sourceTree = "<group>"; };
		ED1AFD521E942B2500FD4B90 /* Info.plist */ = {isa = PBXFileReference; lastKnownFileType = text.plist.xml; path = Info.plist; sourceTree = "<group>"; };
		ED1AFD5E1E94421000FD4B90 /* APIManager.swift */ = {isa = PBXFileReference; fileEncoding = 4; lastKnownFileType = sourcecode.swift; path = APIManager.swift; sourceTree = "<group>"; };
		ED1AFD601E94496E00FD4B90 /* LoginViewController.swift */ = {isa = PBXFileReference; fileEncoding = 4; lastKnownFileType = sourcecode.swift; path = LoginViewController.swift; sourceTree = "<group>"; };
		ED1D23451EF63C1D00C51ACC /* User.swift */ = {isa = PBXFileReference; fileEncoding = 4; lastKnownFileType = sourcecode.swift; path = User.swift; sourceTree = "<group>"; };
		ED1D23471EF6E37700C51ACC /* Tweet.swift */ = {isa = PBXFileReference; fileEncoding = 4; lastKnownFileType = sourcecode.swift; path = Tweet.swift; sourceTree = "<group>"; };
		ED1D234B1EF6E42900C51ACC /* TimelineViewController.swift */ = {isa = PBXFileReference; fileEncoding = 4; lastKnownFileType = sourcecode.swift; path = TimelineViewController.swift; sourceTree = "<group>"; };
		ED1D234D1EF71C4B00C51ACC /* TweetCell.swift */ = {isa = PBXFileReference; fileEncoding = 4; lastKnownFileType = sourcecode.swift; path = TweetCell.swift; sourceTree = "<group>"; };
		EDC4B7361E98627100D836AC /* twitter_alamofire_demo.entitlements */ = {isa = PBXFileReference; lastKnownFileType = text.plist.entitlements; path = twitter_alamofire_demo.entitlements; sourceTree = "<group>"; };
		F57783EC1438633D76F9CBE9 /* Pods-twitter.release.xcconfig */ = {isa = PBXFileReference; includeInIndex = 1; lastKnownFileType = text.xcconfig; name = "Pods-twitter.release.xcconfig"; path = "Pods/Target Support Files/Pods-twitter/Pods-twitter.release.xcconfig"; sourceTree = "<group>"; };
/* End PBXFileReference section */

/* Begin PBXFrameworksBuildPhase section */
		ED1AFD2A1E942B2500FD4B90 /* Frameworks */ = {
			isa = PBXFrameworksBuildPhase;
			buildActionMask = 2147483647;
			files = (
				7EED2E0E1F0D963C0031B7E3 /* Pods_twitterTests.framework in Frameworks */,
				7EED2E0C1F0D96280031B7E3 /* Pods_twitterUITests.framework in Frameworks */,
				CDC4C7B968C511138FE86B42 /* Pods_twitter.framework in Frameworks */,
			);
			runOnlyForDeploymentPostprocessing = 0;
		};
		ED1AFD3E1E942B2500FD4B90 /* Frameworks */ = {
			isa = PBXFrameworksBuildPhase;
			buildActionMask = 2147483647;
			files = (
				CFC0D7A8BC68EF232D1E39D2 /* Pods_twitterTests.framework in Frameworks */,
			);
			runOnlyForDeploymentPostprocessing = 0;
		};
		ED1AFD491E942B2500FD4B90 /* Frameworks */ = {
			isa = PBXFrameworksBuildPhase;
			buildActionMask = 2147483647;
			files = (
				261A83ECD9C31B3637A405ED /* Pods_twitterUITests.framework in Frameworks */,
			);
			runOnlyForDeploymentPostprocessing = 0;
		};
/* End PBXFrameworksBuildPhase section */

/* Begin PBXGroup section */
		A7EAFA57FA35C74D37A8766E /* Frameworks */ = {
			isa = PBXGroup;
			children = (
				7EED2E0D1F0D963C0031B7E3 /* Pods_twitterTests.framework */,
				7EED2E0B1F0D96280031B7E3 /* Pods_twitterUITests.framework */,
				15C9406CF4534FE4DC39519E /* Pods_twitter.framework */,
				77AD661F24287ED7AFEC86D3 /* Pods_twitterTests.framework */,
				0F2AD9D832104973D12E947A /* Pods_twitterUITests.framework */,
			);
			name = Frameworks;
			sourceTree = "<group>";
		};
		AE22950C741732F45CFF3E1B /* Pods */ = {
			isa = PBXGroup;
			children = (
				0D5865F727957A8E690625B6 /* Pods-twitter.debug.xcconfig */,
				F57783EC1438633D76F9CBE9 /* Pods-twitter.release.xcconfig */,
				C83AAC75B6A22C8CC8B77432 /* Pods-twitterTests.debug.xcconfig */,
				A7CA9C3B2C5896DC0CC42F67 /* Pods-twitterTests.release.xcconfig */,
				BA1F86758548C9C4D95178E7 /* Pods-twitterUITests.debug.xcconfig */,
				83D6D4AABC875AB1300A5E10 /* Pods-twitterUITests.release.xcconfig */,
			);
			name = Pods;
			sourceTree = "<group>";
		};
		ED1AFD241E942B2500FD4B90 = {
			isa = PBXGroup;
			children = (
				ED1AFD2F1E942B2500FD4B90 /* twitter */,
				ED1AFD441E942B2500FD4B90 /* twitterTests */,
				ED1AFD4F1E942B2500FD4B90 /* twitterUITests */,
				ED1AFD2E1E942B2500FD4B90 /* Products */,
				A7EAFA57FA35C74D37A8766E /* Frameworks */,
				AE22950C741732F45CFF3E1B /* Pods */,
			);
			sourceTree = "<group>";
		};
		ED1AFD2E1E942B2500FD4B90 /* Products */ = {
			isa = PBXGroup;
			children = (
				ED1AFD2D1E942B2500FD4B90 /* twitter.app */,
				ED1AFD411E942B2500FD4B90 /* twitterTests.xctest */,
				ED1AFD4C1E942B2500FD4B90 /* twitterUITests.xctest */,
			);
			name = Products;
			sourceTree = "<group>";
		};
		ED1AFD2F1E942B2500FD4B90 /* twitter */ = {
			isa = PBXGroup;
			children = (
				ED1AFD301E942B2500FD4B90 /* AppDelegate.swift */,
				ED1AFD341E942B2500FD4B90 /* Main.storyboard */,
				ED1D23501EF7650B00C51ACC /* API */,
				ED1D23491EF6E38100C51ACC /* Models */,
				ED1D234F1EF71C5100C51ACC /* Views */,
				ED1D234A1EF6E3B800C51ACC /* View Controllers */,
				EDC4B7361E98627100D836AC /* twitter_alamofire_demo.entitlements */,
				ED1AFD371E942B2500FD4B90 /* Assets.xcassets */,
				ED1AFD391E942B2500FD4B90 /* LaunchScreen.storyboard */,
				ED1AFD3C1E942B2500FD4B90 /* Info.plist */,
			);
			name = twitter;
			path = twitter_alamofire_demo;
			sourceTree = "<group>";
		};
		ED1AFD441E942B2500FD4B90 /* twitterTests */ = {
			isa = PBXGroup;
			children = (
				ED1AFD451E942B2500FD4B90 /* twitter_alamofire_demoTests.swift */,
				ED1AFD471E942B2500FD4B90 /* Info.plist */,
			);
			name = twitterTests;
			path = twitter_alamofire_demoTests;
			sourceTree = "<group>";
		};
		ED1AFD4F1E942B2500FD4B90 /* twitterUITests */ = {
			isa = PBXGroup;
			children = (
				ED1AFD501E942B2500FD4B90 /* twitter_alamofire_demoUITests.swift */,
				ED1AFD521E942B2500FD4B90 /* Info.plist */,
			);
			name = twitterUITests;
			path = twitter_alamofire_demoUITests;
			sourceTree = "<group>";
		};
		ED1D23491EF6E38100C51ACC /* Models */ = {
			isa = PBXGroup;
			children = (
				ED1D23451EF63C1D00C51ACC /* User.swift */,
				ED1D23471EF6E37700C51ACC /* Tweet.swift */,
			);
			name = Models;
			sourceTree = "<group>";
		};
		ED1D234A1EF6E3B800C51ACC /* View Controllers */ = {
			isa = PBXGroup;
			children = (
				7EE486E11F0D5F64009A2532 /* ComposeViewController.swift */,
				ED1AFD601E94496E00FD4B90 /* LoginViewController.swift */,
				7E48F7111F0B497300CBAC27 /* ProfileViewController.swift */,
				7E23B3BF1F0F40500078B7DF /* ProfileScrollableViewController.swift */,
				ED1D234B1EF6E42900C51ACC /* TimelineViewController.swift */,
				7ED1E6901F0EDF80005C21F5 /* TweetViewController.swift */,
			);
			name = "View Controllers";
			sourceTree = "<group>";
		};
		ED1D234F1EF71C5100C51ACC /* Views */ = {
			isa = PBXGroup;
			children = (
				ED1D234D1EF71C4B00C51ACC /* TweetCell.swift */,
			);
			name = Views;
			sourceTree = "<group>";
		};
		ED1D23501EF7650B00C51ACC /* API */ = {
			isa = PBXGroup;
			children = (
				ED1AFD5E1E94421000FD4B90 /* APIManager.swift */,
			);
			name = API;
			sourceTree = "<group>";
		};
/* End PBXGroup section */

/* Begin PBXNativeTarget section */
		ED1AFD2C1E942B2500FD4B90 /* twitter */ = {
			isa = PBXNativeTarget;
			buildConfigurationList = ED1AFD551E942B2500FD4B90 /* Build configuration list for PBXNativeTarget "twitter" */;
			buildPhases = (
				5C4A3CEE1918456EBE336A5E /* [CP] Check Pods Manifest.lock */,
				ED1AFD291E942B2500FD4B90 /* Sources */,
				ED1AFD2A1E942B2500FD4B90 /* Frameworks */,
				ED1AFD2B1E942B2500FD4B90 /* Resources */,
				EFABDEB238D312BBD2FC49B8 /* [CP] Embed Pods Frameworks */,
				1AD42F8148E97BF87B55B826 /* [CP] Copy Pods Resources */,
			);
			buildRules = (
			);
			dependencies = (
			);
			name = twitter;
			productName = twitter_alamofire_demo;
			productReference = ED1AFD2D1E942B2500FD4B90 /* twitter.app */;
			productType = "com.apple.product-type.application";
		};
		ED1AFD401E942B2500FD4B90 /* twitterTests */ = {
			isa = PBXNativeTarget;
			buildConfigurationList = ED1AFD581E942B2500FD4B90 /* Build configuration list for PBXNativeTarget "twitterTests" */;
			buildPhases = (
				01C0654038116EE22955C0D0 /* [CP] Check Pods Manifest.lock */,
				ED1AFD3D1E942B2500FD4B90 /* Sources */,
				ED1AFD3E1E942B2500FD4B90 /* Frameworks */,
				ED1AFD3F1E942B2500FD4B90 /* Resources */,
				200D01AC1DC970353ABDC649 /* [CP] Embed Pods Frameworks */,
				442077332C405000BF9F081F /* [CP] Copy Pods Resources */,
			);
			buildRules = (
			);
			dependencies = (
				ED1AFD431E942B2500FD4B90 /* PBXTargetDependency */,
			);
			name = twitterTests;
			productName = twitter_alamofire_demoTests;
			productReference = ED1AFD411E942B2500FD4B90 /* twitterTests.xctest */;
			productType = "com.apple.product-type.bundle.unit-test";
		};
		ED1AFD4B1E942B2500FD4B90 /* twitterUITests */ = {
			isa = PBXNativeTarget;
			buildConfigurationList = ED1AFD5B1E942B2500FD4B90 /* Build configuration list for PBXNativeTarget "twitterUITests" */;
			buildPhases = (
				7022D4CCEFBD1FE1F7645438 /* [CP] Check Pods Manifest.lock */,
				ED1AFD481E942B2500FD4B90 /* Sources */,
				ED1AFD491E942B2500FD4B90 /* Frameworks */,
				ED1AFD4A1E942B2500FD4B90 /* Resources */,
				08A0276EE8AF7CDCC6E754D3 /* [CP] Embed Pods Frameworks */,
				EA162E987D837BDF5DC5369F /* [CP] Copy Pods Resources */,
			);
			buildRules = (
			);
			dependencies = (
				ED1AFD4E1E942B2500FD4B90 /* PBXTargetDependency */,
			);
			name = twitterUITests;
			productName = twitter_alamofire_demoUITests;
			productReference = ED1AFD4C1E942B2500FD4B90 /* twitterUITests.xctest */;
			productType = "com.apple.product-type.bundle.ui-testing";
		};
/* End PBXNativeTarget section */

/* Begin PBXProject section */
		ED1AFD251E942B2500FD4B90 /* Project object */ = {
			isa = PBXProject;
			attributes = {
				LastSwiftUpdateCheck = 0830;
				LastUpgradeCheck = 0830;
				ORGANIZATIONNAME = "Charles Hieger";
				TargetAttributes = {
					ED1AFD2C1E942B2500FD4B90 = {
						CreatedOnToolsVersion = 8.3;
						DevelopmentTeam = 3JE575EG34;
						ProvisioningStyle = Automatic;
						SystemCapabilities = {
							com.apple.Keychain = {
								enabled = 1;
							};
						};
					};
					ED1AFD401E942B2500FD4B90 = {
						CreatedOnToolsVersion = 8.3;
						DevelopmentTeam = CBXAQN69JX;
						ProvisioningStyle = Automatic;
						TestTargetID = ED1AFD2C1E942B2500FD4B90;
					};
					ED1AFD4B1E942B2500FD4B90 = {
						CreatedOnToolsVersion = 8.3;
						DevelopmentTeam = CBXAQN69JX;
						ProvisioningStyle = Automatic;
						TestTargetID = ED1AFD2C1E942B2500FD4B90;
					};
				};
			};
			buildConfigurationList = ED1AFD281E942B2500FD4B90 /* Build configuration list for PBXProject "twitter" */;
			compatibilityVersion = "Xcode 3.2";
			developmentRegion = English;
			hasScannedForEncodings = 0;
			knownRegions = (
				en,
				Base,
			);
			mainGroup = ED1AFD241E942B2500FD4B90;
			productRefGroup = ED1AFD2E1E942B2500FD4B90 /* Products */;
			projectDirPath = "";
			projectRoot = "";
			targets = (
				ED1AFD2C1E942B2500FD4B90 /* twitter */,
				ED1AFD401E942B2500FD4B90 /* twitterTests */,
				ED1AFD4B1E942B2500FD4B90 /* twitterUITests */,
			);
		};
/* End PBXProject section */

/* Begin PBXResourcesBuildPhase section */
		ED1AFD2B1E942B2500FD4B90 /* Resources */ = {
			isa = PBXResourcesBuildPhase;
			buildActionMask = 2147483647;
			files = (
				ED1AFD3B1E942B2500FD4B90 /* LaunchScreen.storyboard in Resources */,
				ED1AFD381E942B2500FD4B90 /* Assets.xcassets in Resources */,
				ED1AFD361E942B2500FD4B90 /* Main.storyboard in Resources */,
			);
			runOnlyForDeploymentPostprocessing = 0;
		};
		ED1AFD3F1E942B2500FD4B90 /* Resources */ = {
			isa = PBXResourcesBuildPhase;
			buildActionMask = 2147483647;
			files = (
			);
			runOnlyForDeploymentPostprocessing = 0;
		};
		ED1AFD4A1E942B2500FD4B90 /* Resources */ = {
			isa = PBXResourcesBuildPhase;
			buildActionMask = 2147483647;
			files = (
			);
			runOnlyForDeploymentPostprocessing = 0;
		};
/* End PBXResourcesBuildPhase section */

/* Begin PBXShellScriptBuildPhase section */
		01C0654038116EE22955C0D0 /* [CP] Check Pods Manifest.lock */ = {
			isa = PBXShellScriptBuildPhase;
			buildActionMask = 2147483647;
			files = (
			);
			inputPaths = (
			);
			name = "[CP] Check Pods Manifest.lock";
			outputPaths = (
			);
			runOnlyForDeploymentPostprocessing = 0;
			shellPath = /bin/sh;
			shellScript = "diff \"${PODS_PODFILE_DIR_PATH}/Podfile.lock\" \"${PODS_ROOT}/Manifest.lock\" > /dev/null\nif [ $? != 0 ] ; then\n    # print error to STDERR\n    echo \"error: The sandbox is not in sync with the Podfile.lock. Run 'pod install' or update your CocoaPods installation.\" >&2\n    exit 1\nfi\n";
			showEnvVarsInLog = 0;
		};
		08A0276EE8AF7CDCC6E754D3 /* [CP] Embed Pods Frameworks */ = {
			isa = PBXShellScriptBuildPhase;
			buildActionMask = 2147483647;
			files = (
			);
			inputPaths = (
			);
			name = "[CP] Embed Pods Frameworks";
			outputPaths = (
			);
			runOnlyForDeploymentPostprocessing = 0;
			shellPath = /bin/sh;
			shellScript = "\"${SRCROOT}/Pods/Target Support Files/Pods-twitterUITests/Pods-twitterUITests-frameworks.sh\"\n";
			showEnvVarsInLog = 0;
		};
		1AD42F8148E97BF87B55B826 /* [CP] Copy Pods Resources */ = {
			isa = PBXShellScriptBuildPhase;
			buildActionMask = 2147483647;
			files = (
			);
			inputPaths = (
			);
			name = "[CP] Copy Pods Resources";
			outputPaths = (
			);
			runOnlyForDeploymentPostprocessing = 0;
			shellPath = /bin/sh;
			shellScript = "\"${SRCROOT}/Pods/Target Support Files/Pods-twitter/Pods-twitter-resources.sh\"\n";
			showEnvVarsInLog = 0;
		};
		200D01AC1DC970353ABDC649 /* [CP] Embed Pods Frameworks */ = {
			isa = PBXShellScriptBuildPhase;
			buildActionMask = 2147483647;
			files = (
			);
			inputPaths = (
			);
			name = "[CP] Embed Pods Frameworks";
			outputPaths = (
			);
			runOnlyForDeploymentPostprocessing = 0;
			shellPath = /bin/sh;
			shellScript = "\"${SRCROOT}/Pods/Target Support Files/Pods-twitterTests/Pods-twitterTests-frameworks.sh\"\n";
			showEnvVarsInLog = 0;
		};
		442077332C405000BF9F081F /* [CP] Copy Pods Resources */ = {
			isa = PBXShellScriptBuildPhase;
			buildActionMask = 2147483647;
			files = (
			);
			inputPaths = (
			);
			name = "[CP] Copy Pods Resources";
			outputPaths = (
			);
			runOnlyForDeploymentPostprocessing = 0;
			shellPath = /bin/sh;
			shellScript = "\"${SRCROOT}/Pods/Target Support Files/Pods-twitterTests/Pods-twitterTests-resources.sh\"\n";
			showEnvVarsInLog = 0;
		};
		5C4A3CEE1918456EBE336A5E /* [CP] Check Pods Manifest.lock */ = {
			isa = PBXShellScriptBuildPhase;
			buildActionMask = 2147483647;
			files = (
			);
			inputPaths = (
			);
			name = "[CP] Check Pods Manifest.lock";
			outputPaths = (
			);
			runOnlyForDeploymentPostprocessing = 0;
			shellPath = /bin/sh;
			shellScript = "diff \"${PODS_PODFILE_DIR_PATH}/Podfile.lock\" \"${PODS_ROOT}/Manifest.lock\" > /dev/null\nif [ $? != 0 ] ; then\n    # print error to STDERR\n    echo \"error: The sandbox is not in sync with the Podfile.lock. Run 'pod install' or update your CocoaPods installation.\" >&2\n    exit 1\nfi\n";
			showEnvVarsInLog = 0;
		};
		7022D4CCEFBD1FE1F7645438 /* [CP] Check Pods Manifest.lock */ = {
			isa = PBXShellScriptBuildPhase;
			buildActionMask = 2147483647;
			files = (
			);
			inputPaths = (
			);
			name = "[CP] Check Pods Manifest.lock";
			outputPaths = (
			);
			runOnlyForDeploymentPostprocessing = 0;
			shellPath = /bin/sh;
			shellScript = "diff \"${PODS_PODFILE_DIR_PATH}/Podfile.lock\" \"${PODS_ROOT}/Manifest.lock\" > /dev/null\nif [ $? != 0 ] ; then\n    # print error to STDERR\n    echo \"error: The sandbox is not in sync with the Podfile.lock. Run 'pod install' or update your CocoaPods installation.\" >&2\n    exit 1\nfi\n";
			showEnvVarsInLog = 0;
		};
		EA162E987D837BDF5DC5369F /* [CP] Copy Pods Resources */ = {
			isa = PBXShellScriptBuildPhase;
			buildActionMask = 2147483647;
			files = (
			);
			inputPaths = (
			);
			name = "[CP] Copy Pods Resources";
			outputPaths = (
			);
			runOnlyForDeploymentPostprocessing = 0;
			shellPath = /bin/sh;
			shellScript = "\"${SRCROOT}/Pods/Target Support Files/Pods-twitterUITests/Pods-twitterUITests-resources.sh\"\n";
			showEnvVarsInLog = 0;
		};
		EFABDEB238D312BBD2FC49B8 /* [CP] Embed Pods Frameworks */ = {
			isa = PBXShellScriptBuildPhase;
			buildActionMask = 2147483647;
			files = (
			);
			inputPaths = (
			);
			name = "[CP] Embed Pods Frameworks";
			outputPaths = (
			);
			runOnlyForDeploymentPostprocessing = 0;
			shellPath = /bin/sh;
			shellScript = "\"${SRCROOT}/Pods/Target Support Files/Pods-twitter/Pods-twitter-frameworks.sh\"\n";
			showEnvVarsInLog = 0;
		};
/* End PBXShellScriptBuildPhase section */

/* Begin PBXSourcesBuildPhase section */
		ED1AFD291E942B2500FD4B90 /* Sources */ = {
			isa = PBXSourcesBuildPhase;
			buildActionMask = 2147483647;
			files = (
				7EE486E21F0D5F64009A2532 /* ComposeViewController.swift in Sources */,
				ED1D23461EF63C1D00C51ACC /* User.swift in Sources */,
				7ED1E6911F0EDF80005C21F5 /* TweetViewController.swift in Sources */,
				7E23B3C01F0F40500078B7DF /* ProfileScrollableViewController.swift in Sources */,
				ED1D234E1EF71C4B00C51ACC /* TweetCell.swift in Sources */,
				ED1D23481EF6E37700C51ACC /* Tweet.swift in Sources */,
				ED1AFD611E94496E00FD4B90 /* LoginViewController.swift in Sources */,
				ED1AFD5F1E94421000FD4B90 /* APIManager.swift in Sources */,
				ED1AFD311E942B2500FD4B90 /* AppDelegate.swift in Sources */,
				7E48F7121F0B497300CBAC27 /* ProfileViewController.swift in Sources */,
				ED1D234C1EF6E42900C51ACC /* TimelineViewController.swift in Sources */,
			);
			runOnlyForDeploymentPostprocessing = 0;
		};
		ED1AFD3D1E942B2500FD4B90 /* Sources */ = {
			isa = PBXSourcesBuildPhase;
			buildActionMask = 2147483647;
			files = (
				ED1AFD461E942B2500FD4B90 /* twitter_alamofire_demoTests.swift in Sources */,
			);
			runOnlyForDeploymentPostprocessing = 0;
		};
		ED1AFD481E942B2500FD4B90 /* Sources */ = {
			isa = PBXSourcesBuildPhase;
			buildActionMask = 2147483647;
			files = (
				ED1AFD511E942B2500FD4B90 /* twitter_alamofire_demoUITests.swift in Sources */,
			);
			runOnlyForDeploymentPostprocessing = 0;
		};
/* End PBXSourcesBuildPhase section */

/* Begin PBXTargetDependency section */
		ED1AFD431E942B2500FD4B90 /* PBXTargetDependency */ = {
			isa = PBXTargetDependency;
			target = ED1AFD2C1E942B2500FD4B90 /* twitter */;
			targetProxy = ED1AFD421E942B2500FD4B90 /* PBXContainerItemProxy */;
		};
		ED1AFD4E1E942B2500FD4B90 /* PBXTargetDependency */ = {
			isa = PBXTargetDependency;
			target = ED1AFD2C1E942B2500FD4B90 /* twitter */;
			targetProxy = ED1AFD4D1E942B2500FD4B90 /* PBXContainerItemProxy */;
		};
/* End PBXTargetDependency section */

/* Begin PBXVariantGroup section */
		ED1AFD341E942B2500FD4B90 /* Main.storyboard */ = {
			isa = PBXVariantGroup;
			children = (
				ED1AFD351E942B2500FD4B90 /* Base */,
			);
			name = Main.storyboard;
			sourceTree = "<group>";
		};
		ED1AFD391E942B2500FD4B90 /* LaunchScreen.storyboard */ = {
			isa = PBXVariantGroup;
			children = (
				ED1AFD3A1E942B2500FD4B90 /* Base */,
			);
			name = LaunchScreen.storyboard;
			sourceTree = "<group>";
		};
/* End PBXVariantGroup section */

/* Begin XCBuildConfiguration section */
		ED1AFD531E942B2500FD4B90 /* Debug */ = {
			isa = XCBuildConfiguration;
			buildSettings = {
				ALWAYS_SEARCH_USER_PATHS = NO;
				CLANG_ANALYZER_NONNULL = YES;
				CLANG_ANALYZER_NUMBER_OBJECT_CONVERSION = YES_AGGRESSIVE;
				CLANG_CXX_LANGUAGE_STANDARD = "gnu++0x";
				CLANG_CXX_LIBRARY = "libc++";
				CLANG_ENABLE_MODULES = YES;
				CLANG_ENABLE_OBJC_ARC = YES;
				CLANG_WARN_BOOL_CONVERSION = YES;
				CLANG_WARN_CONSTANT_CONVERSION = YES;
				CLANG_WARN_DIRECT_OBJC_ISA_USAGE = YES_ERROR;
				CLANG_WARN_DOCUMENTATION_COMMENTS = YES;
				CLANG_WARN_EMPTY_BODY = YES;
				CLANG_WARN_ENUM_CONVERSION = YES;
				CLANG_WARN_INFINITE_RECURSION = YES;
				CLANG_WARN_INT_CONVERSION = YES;
				CLANG_WARN_OBJC_ROOT_CLASS = YES_ERROR;
				CLANG_WARN_SUSPICIOUS_MOVE = YES;
				CLANG_WARN_UNREACHABLE_CODE = YES;
				CLANG_WARN__DUPLICATE_METHOD_MATCH = YES;
				"CODE_SIGN_IDENTITY[sdk=iphoneos*]" = "iPhone Developer";
				COPY_PHASE_STRIP = NO;
				DEBUG_INFORMATION_FORMAT = dwarf;
				ENABLE_STRICT_OBJC_MSGSEND = YES;
				ENABLE_TESTABILITY = YES;
				GCC_C_LANGUAGE_STANDARD = gnu99;
				GCC_DYNAMIC_NO_PIC = NO;
				GCC_NO_COMMON_BLOCKS = YES;
				GCC_OPTIMIZATION_LEVEL = 0;
				GCC_PREPROCESSOR_DEFINITIONS = (
					"DEBUG=1",
					"$(inherited)",
				);
				GCC_WARN_64_TO_32_BIT_CONVERSION = YES;
				GCC_WARN_ABOUT_RETURN_TYPE = YES_ERROR;
				GCC_WARN_UNDECLARED_SELECTOR = YES;
				GCC_WARN_UNINITIALIZED_AUTOS = YES_AGGRESSIVE;
				GCC_WARN_UNUSED_FUNCTION = YES;
				GCC_WARN_UNUSED_VARIABLE = YES;
				IPHONEOS_DEPLOYMENT_TARGET = 10.3;
				MTL_ENABLE_DEBUG_INFO = YES;
				ONLY_ACTIVE_ARCH = YES;
				SDKROOT = iphoneos;
				SWIFT_ACTIVE_COMPILATION_CONDITIONS = DEBUG;
				SWIFT_OPTIMIZATION_LEVEL = "-Onone";
				TARGETED_DEVICE_FAMILY = "1,2";
			};
			name = Debug;
		};
		ED1AFD541E942B2500FD4B90 /* Release */ = {
			isa = XCBuildConfiguration;
			buildSettings = {
				ALWAYS_SEARCH_USER_PATHS = NO;
				CLANG_ANALYZER_NONNULL = YES;
				CLANG_ANALYZER_NUMBER_OBJECT_CONVERSION = YES_AGGRESSIVE;
				CLANG_CXX_LANGUAGE_STANDARD = "gnu++0x";
				CLANG_CXX_LIBRARY = "libc++";
				CLANG_ENABLE_MODULES = YES;
				CLANG_ENABLE_OBJC_ARC = YES;
				CLANG_WARN_BOOL_CONVERSION = YES;
				CLANG_WARN_CONSTANT_CONVERSION = YES;
				CLANG_WARN_DIRECT_OBJC_ISA_USAGE = YES_ERROR;
				CLANG_WARN_DOCUMENTATION_COMMENTS = YES;
				CLANG_WARN_EMPTY_BODY = YES;
				CLANG_WARN_ENUM_CONVERSION = YES;
				CLANG_WARN_INFINITE_RECURSION = YES;
				CLANG_WARN_INT_CONVERSION = YES;
				CLANG_WARN_OBJC_ROOT_CLASS = YES_ERROR;
				CLANG_WARN_SUSPICIOUS_MOVE = YES;
				CLANG_WARN_UNREACHABLE_CODE = YES;
				CLANG_WARN__DUPLICATE_METHOD_MATCH = YES;
				"CODE_SIGN_IDENTITY[sdk=iphoneos*]" = "iPhone Developer";
				COPY_PHASE_STRIP = NO;
				DEBUG_INFORMATION_FORMAT = "dwarf-with-dsym";
				ENABLE_NS_ASSERTIONS = NO;
				ENABLE_STRICT_OBJC_MSGSEND = YES;
				GCC_C_LANGUAGE_STANDARD = gnu99;
				GCC_NO_COMMON_BLOCKS = YES;
				GCC_WARN_64_TO_32_BIT_CONVERSION = YES;
				GCC_WARN_ABOUT_RETURN_TYPE = YES_ERROR;
				GCC_WARN_UNDECLARED_SELECTOR = YES;
				GCC_WARN_UNINITIALIZED_AUTOS = YES_AGGRESSIVE;
				GCC_WARN_UNUSED_FUNCTION = YES;
				GCC_WARN_UNUSED_VARIABLE = YES;
				IPHONEOS_DEPLOYMENT_TARGET = 10.3;
				MTL_ENABLE_DEBUG_INFO = NO;
				SDKROOT = iphoneos;
				SWIFT_OPTIMIZATION_LEVEL = "-Owholemodule";
				TARGETED_DEVICE_FAMILY = "1,2";
				VALIDATE_PRODUCT = YES;
			};
			name = Release;
		};
		ED1AFD561E942B2500FD4B90 /* Debug */ = {
			isa = XCBuildConfiguration;
			baseConfigurationReference = 0D5865F727957A8E690625B6 /* Pods-twitter.debug.xcconfig */;
			buildSettings = {
				ASSETCATALOG_COMPILER_APPICON_NAME = AppIcon;
				CODE_SIGN_ENTITLEMENTS = twitter_alamofire_demo/twitter_alamofire_demo.entitlements;
				DEVELOPMENT_TEAM = 3JE575EG34;
				FRAMEWORK_SEARCH_PATHS = (
					"$(inherited)",
					"$(PROJECT_DIR)/build/Debug-iphoneos",
				);
				INFOPLIST_FILE = twitter_alamofire_demo/Info.plist;
				IPHONEOS_DEPLOYMENT_TARGET = 10.3;
				LD_RUNPATH_SEARCH_PATHS = "$(inherited) @executable_path/Frameworks";
				PRODUCT_BUNDLE_IDENTIFIER = com.gparra.twitter;
				PRODUCT_NAME = "$(TARGET_NAME)";
				SWIFT_VERSION = 3.0;
				TARGETED_DEVICE_FAMILY = 1;
			};
			name = Debug;
		};
		ED1AFD571E942B2500FD4B90 /* Release */ = {
			isa = XCBuildConfiguration;
			baseConfigurationReference = F57783EC1438633D76F9CBE9 /* Pods-twitter.release.xcconfig */;
			buildSettings = {
				ASSETCATALOG_COMPILER_APPICON_NAME = AppIcon;
				CODE_SIGN_ENTITLEMENTS = twitter_alamofire_demo/twitter_alamofire_demo.entitlements;
				DEVELOPMENT_TEAM = 3JE575EG34;
				FRAMEWORK_SEARCH_PATHS = (
					"$(inherited)",
					"$(PROJECT_DIR)/build/Debug-iphoneos",
				);
				INFOPLIST_FILE = twitter_alamofire_demo/Info.plist;
				IPHONEOS_DEPLOYMENT_TARGET = 10.3;
				LD_RUNPATH_SEARCH_PATHS = "$(inherited) @executable_path/Frameworks";
				PRODUCT_BUNDLE_IDENTIFIER = com.gparra.twitter;
				PRODUCT_NAME = "$(TARGET_NAME)";
				SWIFT_VERSION = 3.0;
				TARGETED_DEVICE_FAMILY = 1;
			};
			name = Release;
		};
		ED1AFD591E942B2500FD4B90 /* Debug */ = {
			isa = XCBuildConfiguration;
			baseConfigurationReference = C83AAC75B6A22C8CC8B77432 /* Pods-twitterTests.debug.xcconfig */;
			buildSettings = {
				ALWAYS_EMBED_SWIFT_STANDARD_LIBRARIES = YES;
				BUNDLE_LOADER = "$(TEST_HOST)";
				DEVELOPMENT_TEAM = CBXAQN69JX;
				INFOPLIST_FILE = twitter_alamofire_demoTests/Info.plist;
				LD_RUNPATH_SEARCH_PATHS = "$(inherited) @executable_path/Frameworks @loader_path/Frameworks";
				PRODUCT_BUNDLE_IDENTIFIER = "com.codepath.twitter-alamofire-demoTests";
				PRODUCT_NAME = "$(TARGET_NAME)";
				SWIFT_VERSION = 3.0;
				TEST_HOST = "$(BUILT_PRODUCTS_DIR)/twitter.app/twitter";
			};
			name = Debug;
		};
		ED1AFD5A1E942B2500FD4B90 /* Release */ = {
			isa = XCBuildConfiguration;
			baseConfigurationReference = A7CA9C3B2C5896DC0CC42F67 /* Pods-twitterTests.release.xcconfig */;
			buildSettings = {
				ALWAYS_EMBED_SWIFT_STANDARD_LIBRARIES = YES;
				BUNDLE_LOADER = "$(TEST_HOST)";
				DEVELOPMENT_TEAM = CBXAQN69JX;
				INFOPLIST_FILE = twitter_alamofire_demoTests/Info.plist;
				LD_RUNPATH_SEARCH_PATHS = "$(inherited) @executable_path/Frameworks @loader_path/Frameworks";
				PRODUCT_BUNDLE_IDENTIFIER = "com.codepath.twitter-alamofire-demoTests";
				PRODUCT_NAME = "$(TARGET_NAME)";
				SWIFT_VERSION = 3.0;
				TEST_HOST = "$(BUILT_PRODUCTS_DIR)/twitter.app/twitter";
			};
			name = Release;
		};
		ED1AFD5C1E942B2500FD4B90 /* Debug */ = {
			isa = XCBuildConfiguration;
			baseConfigurationReference = BA1F86758548C9C4D95178E7 /* Pods-twitterUITests.debug.xcconfig */;
			buildSettings = {
				ALWAYS_EMBED_SWIFT_STANDARD_LIBRARIES = YES;
				DEVELOPMENT_TEAM = CBXAQN69JX;
				INFOPLIST_FILE = twitter_alamofire_demoUITests/Info.plist;
				LD_RUNPATH_SEARCH_PATHS = "$(inherited) @executable_path/Frameworks @loader_path/Frameworks";
				PRODUCT_BUNDLE_IDENTIFIER = "com.codepath.twitter-alamofire-demoUITests";
				PRODUCT_NAME = "$(TARGET_NAME)";
				SWIFT_VERSION = 3.0;
				TEST_TARGET_NAME = twitter_alamofire_demo;
			};
			name = Debug;
		};
		ED1AFD5D1E942B2500FD4B90 /* Release */ = {
			isa = XCBuildConfiguration;
			baseConfigurationReference = 83D6D4AABC875AB1300A5E10 /* Pods-twitterUITests.release.xcconfig */;
			buildSettings = {
				ALWAYS_EMBED_SWIFT_STANDARD_LIBRARIES = YES;
				DEVELOPMENT_TEAM = CBXAQN69JX;
				INFOPLIST_FILE = twitter_alamofire_demoUITests/Info.plist;
				LD_RUNPATH_SEARCH_PATHS = "$(inherited) @executable_path/Frameworks @loader_path/Frameworks";
				PRODUCT_BUNDLE_IDENTIFIER = "com.codepath.twitter-alamofire-demoUITests";
				PRODUCT_NAME = "$(TARGET_NAME)";
				SWIFT_VERSION = 3.0;
				TEST_TARGET_NAME = twitter_alamofire_demo;
			};
			name = Release;
		};
/* End XCBuildConfiguration section */

/* Begin XCConfigurationList section */
		ED1AFD281E942B2500FD4B90 /* Build configuration list for PBXProject "twitter" */ = {
			isa = XCConfigurationList;
			buildConfigurations = (
				ED1AFD531E942B2500FD4B90 /* Debug */,
				ED1AFD541E942B2500FD4B90 /* Release */,
			);
			defaultConfigurationIsVisible = 0;
			defaultConfigurationName = Release;
		};
		ED1AFD551E942B2500FD4B90 /* Build configuration list for PBXNativeTarget "twitter" */ = {
			isa = XCConfigurationList;
			buildConfigurations = (
				ED1AFD561E942B2500FD4B90 /* Debug */,
				ED1AFD571E942B2500FD4B90 /* Release */,
			);
			defaultConfigurationIsVisible = 0;
			defaultConfigurationName = Release;
		};
		ED1AFD581E942B2500FD4B90 /* Build configuration list for PBXNativeTarget "twitterTests" */ = {
			isa = XCConfigurationList;
			buildConfigurations = (
				ED1AFD591E942B2500FD4B90 /* Debug */,
				ED1AFD5A1E942B2500FD4B90 /* Release */,
			);
			defaultConfigurationIsVisible = 0;
			defaultConfigurationName = Release;
		};
		ED1AFD5B1E942B2500FD4B90 /* Build configuration list for PBXNativeTarget "twitterUITests" */ = {
			isa = XCConfigurationList;
			buildConfigurations = (
				ED1AFD5C1E942B2500FD4B90 /* Debug */,
				ED1AFD5D1E942B2500FD4B90 /* Release */,
			);
			defaultConfigurationIsVisible = 0;
			defaultConfigurationName = Release;
		};
/* End XCConfigurationList section */
	};
	rootObject = ED1AFD251E942B2500FD4B90 /* Project object */;
}
